
Microsoft Visual Studio Solution File, Format Version 12.00
# Visual Studio 15
VisualStudioVersion = 15.0.28307.852
MinimumVisualStudioVersion = 10.0.40219.1
Project("{FAE04EC0-301F-11D3-BF4B-00C04F79EFBC}") = "COMP2084-MusicStore", "COMP2084-MusicStore\COMP2084-MusicStore.csproj", "{00819E90-0500-498D-A46A-5AFAE975A388}"
EndProject
Global
	GlobalSection(SolutionConfigurationPlatforms) = preSolution
		Debug|Any CPU = Debug|Any CPU
		Release|Any CPU = Release|Any CPU
	EndGlobalSection
	GlobalSection(ProjectConfigurationPlatforms) = postSolution
		{00819E90-0500-498D-A46A-5AFAE975A388}.Debug|Any CPU.ActiveCfg = Debug|Any CPU
		{00819E90-0500-498D-A46A-5AFAE975A388}.Debug|Any CPU.Build.0 = Debug|Any CPU
		{00819E90-0500-498D-A46A-5AFAE975A388}.Release|Any CPU.ActiveCfg = Release|Any CPU
		{00819E90-0500-498D-A46A-5AFAE975A388}.Release|Any CPU.Build.0 = Release|Any CPU
	EndGlobalSection
	GlobalSection(SolutionProperties) = preSolution
		HideSolutionNode = FALSE
	EndGlobalSection
	GlobalSection(ExtensibilityGlobals) = postSolution
		SolutionGuid = {967AA2F9-D224-46FE-9F53-DDAAAE3DCFF3}
	EndGlobalSection
EndGlobal
